// !$*UTF8*$!
{
	archiveVersion = 1;
	classes = {
	};
	objectVersion = 46;
	objects = {

/* Begin PBXBuildFile section */
		6C3E7B6115FD384C0014F5C7 /* DZSemiModalPopupController.m in Sources */ = {isa = PBXBuildFile; fileRef = 6C3E7B6015FD384C0014F5C7 /* DZSemiModalPopupController.m */; };
		6C3E7B6915FD48E80014F5C7 /* DZPopupControllerFrameView.m in Sources */ = {isa = PBXBuildFile; fileRef = 6C3E7B6815FD48E80014F5C7 /* DZPopupControllerFrameView.m */; };
		6C3E7B6C15FD4E5D0014F5C7 /* DZPopupControllerInsetView.m in Sources */ = {isa = PBXBuildFile; fileRef = 6C3E7B6B15FD4E5D0014F5C7 /* DZPopupControllerInsetView.m */; };
		6C3E7B6F15FD4E9F0014F5C7 /* DZPopupControllerCloseButton.m in Sources */ = {isa = PBXBuildFile; fileRef = 6C3E7B6E15FD4E9F0014F5C7 /* DZPopupControllerCloseButton.m */; };
		6C6BB32D15788BAB0001113B /* DZDemoViewController.m in Sources */ = {isa = PBXBuildFile; fileRef = 6C6BB32B15788BAA0001113B /* DZDemoViewController.m */; };
		6C6BB32E15788BAB0001113B /* DZDemoViewController.xib in Resources */ = {isa = PBXBuildFile; fileRef = 6C6BB32C15788BAA0001113B /* DZDemoViewController.xib */; };
		6C6BB346157A99E00001113B /* QuartzCore.framework in Frameworks */ = {isa = PBXBuildFile; fileRef = 6C6BB345157A99E00001113B /* QuartzCore.framework */; };
		6C91AA6A157FDB71008618FA /* DZPopupController.m in Sources */ = {isa = PBXBuildFile; fileRef = 6C91AA69157FDB71008618FA /* DZPopupController.m */; };
		6CC5C6BA1642AC9E004CC3F5 /* Default-568h@2x.png in Resources */ = {isa = PBXBuildFile; fileRef = 6CC5C6B91642AC9E004CC3F5 /* Default-568h@2x.png */; };
		DB69112217417D090001903F /* CALayer+DZPopupController.m in Sources */ = {isa = PBXBuildFile; fileRef = DB69112117417D090001903F /* CALayer+DZPopupController.m */; };
		F54E32B0156271030057A34F /* DZDemoTableViewController.m in Sources */ = {isa = PBXBuildFile; fileRef = F54E32AF156271030057A34F /* DZDemoTableViewController.m */; };
		F54E32B3156273780057A34F /* DZDemoDetailViewController.m in Sources */ = {isa = PBXBuildFile; fileRef = F54E32B2156273780057A34F /* DZDemoDetailViewController.m */; };
		F5C422441560BF2300F7E3EE /* UIKit.framework in Frameworks */ = {isa = PBXBuildFile; fileRef = F5C422431560BF2300F7E3EE /* UIKit.framework */; };
		F5C422461560BF2300F7E3EE /* Foundation.framework in Frameworks */ = {isa = PBXBuildFile; fileRef = F5C422451560BF2300F7E3EE /* Foundation.framework */; };
		F5C422481560BF2300F7E3EE /* CoreGraphics.framework in Frameworks */ = {isa = PBXBuildFile; fileRef = F5C422471560BF2300F7E3EE /* CoreGraphics.framework */; };
		F5ED3EA315620A810058C7F1 /* DZAppDelegate.m in Sources */ = {isa = PBXBuildFile; fileRef = F5ED3EA015620A810058C7F1 /* DZAppDelegate.m */; };
		F5ED3EA415620A810058C7F1 /* main.m in Sources */ = {isa = PBXBuildFile; fileRef = F5ED3EA115620A810058C7F1 /* main.m */; };
/* End PBXBuildFile section */

/* Begin PBXFileReference section */
		6C3E7B5F15FD384C0014F5C7 /* DZSemiModalPopupController.h */ = {isa = PBXFileReference; fileEncoding = 4; lastKnownFileType = sourcecode.c.h; path = DZSemiModalPopupController.h; sourceTree = "<group>"; };
		6C3E7B6015FD384C0014F5C7 /* DZSemiModalPopupController.m */ = {isa = PBXFileReference; fileEncoding = 4; lastKnownFileType = sourcecode.c.objc; path = DZSemiModalPopupController.m; sourceTree = "<group>"; };
		6C3E7B6715FD48E80014F5C7 /* DZPopupControllerFrameView.h */ = {isa = PBXFileReference; fileEncoding = 4; lastKnownFileType = sourcecode.c.h; path = DZPopupControllerFrameView.h; sourceTree = "<group>"; };
		6C3E7B6815FD48E80014F5C7 /* DZPopupControllerFrameView.m */ = {isa = PBXFileReference; fileEncoding = 4; lastKnownFileType = sourcecode.c.objc; path = DZPopupControllerFrameView.m; sourceTree = "<group>"; };
		6C3E7B6A15FD4E5D0014F5C7 /* DZPopupControllerInsetView.h */ = {isa = PBXFileReference; fileEncoding = 4; lastKnownFileType = sourcecode.c.h; path = DZPopupControllerInsetView.h; sourceTree = "<group>"; };
		6C3E7B6B15FD4E5D0014F5C7 /* DZPopupControllerInsetView.m */ = {isa = PBXFileReference; fileEncoding = 4; lastKnownFileType = sourcecode.c.objc; path = DZPopupControllerInsetView.m; sourceTree = "<group>"; };
		6C3E7B6D15FD4E9F0014F5C7 /* DZPopupControllerCloseButton.h */ = {isa = PBXFileReference; fileEncoding = 4; lastKnownFileType = sourcecode.c.h; path = DZPopupControllerCloseButton.h; sourceTree = "<group>"; };
		6C3E7B6E15FD4E9F0014F5C7 /* DZPopupControllerCloseButton.m */ = {isa = PBXFileReference; fileEncoding = 4; lastKnownFileType = sourcecode.c.objc; path = DZPopupControllerCloseButton.m; sourceTree = "<group>"; };
		6C6BB32A15788BAA0001113B /* DZDemoViewController.h */ = {isa = PBXFileReference; fileEncoding = 4; lastKnownFileType = sourcecode.c.h; path = DZDemoViewController.h; sourceTree = "<group>"; };
		6C6BB32B15788BAA0001113B /* DZDemoViewController.m */ = {isa = PBXFileReference; fileEncoding = 4; lastKnownFileType = sourcecode.c.objc; path = DZDemoViewController.m; sourceTree = "<group>"; };
		6C6BB32C15788BAA0001113B /* DZDemoViewController.xib */ = {isa = PBXFileReference; fileEncoding = 4; lastKnownFileType = file.xib; path = DZDemoViewController.xib; sourceTree = "<group>"; };
		6C6BB345157A99E00001113B /* QuartzCore.framework */ = {isa = PBXFileReference; lastKnownFileType = wrapper.framework; name = QuartzCore.framework; path = System/Library/Frameworks/QuartzCore.framework; sourceTree = SDKROOT; };
		6C91AA68157FDB71008618FA /* DZPopupController.h */ = {isa = PBXFileReference; fileEncoding = 4; lastKnownFileType = sourcecode.c.h; path = DZPopupController.h; sourceTree = "<group>"; };
		6C91AA69157FDB71008618FA /* DZPopupController.m */ = {isa = PBXFileReference; fileEncoding = 4; lastKnownFileType = sourcecode.c.objc; path = DZPopupController.m; sourceTree = "<group>"; };
		6CC5C6B91642AC9E004CC3F5 /* Default-568h@2x.png */ = {isa = PBXFileReference; lastKnownFileType = image.png; name = "Default-568h@2x.png"; path = "DZPopupControllerDemo/Default-568h@2x.png"; sourceTree = "<group>"; };
		DB69112017417D090001903F /* CALayer+DZPopupController.h */ = {isa = PBXFileReference; fileEncoding = 4; lastKnownFileType = sourcecode.c.h; path = "CALayer+DZPopupController.h"; sourceTree = "<group>"; };
		DB69112117417D090001903F /* CALayer+DZPopupController.m */ = {isa = PBXFileReference; fileEncoding = 4; lastKnownFileType = sourcecode.c.objc; path = "CALayer+DZPopupController.m"; sourceTree = "<group>"; };
		F54E32AE156271030057A34F /* DZDemoTableViewController.h */ = {isa = PBXFileReference; fileEncoding = 4; lastKnownFileType = sourcecode.c.h; path = DZDemoTableViewController.h; sourceTree = "<group>"; };
		F54E32AF156271030057A34F /* DZDemoTableViewController.m */ = {isa = PBXFileReference; fileEncoding = 4; lastKnownFileType = sourcecode.c.objc; path = DZDemoTableViewController.m; sourceTree = "<group>"; };
		F54E32B1156273780057A34F /* DZDemoDetailViewController.h */ = {isa = PBXFileReference; fileEncoding = 4; lastKnownFileType = sourcecode.c.h; path = DZDemoDetailViewController.h; sourceTree = "<group>"; };
		F54E32B2156273780057A34F /* DZDemoDetailViewController.m */ = {isa = PBXFileReference; fileEncoding = 4; lastKnownFileType = sourcecode.c.objc; path = DZDemoDetailViewController.m; sourceTree = "<group>"; };
		F5C4223F1560BF2300F7E3EE /* DZPopupControllerDemo.app */ = {isa = PBXFileReference; explicitFileType = wrapper.application; includeInIndex = 0; path = DZPopupControllerDemo.app; sourceTree = BUILT_PRODUCTS_DIR; };
		F5C422431560BF2300F7E3EE /* UIKit.framework */ = {isa = PBXFileReference; lastKnownFileType = wrapper.framework; name = UIKit.framework; path = System/Library/Frameworks/UIKit.framework; sourceTree = SDKROOT; };
		F5C422451560BF2300F7E3EE /* Foundation.framework */ = {isa = PBXFileReference; lastKnownFileType = wrapper.framework; name = Foundation.framework; path = System/Library/Frameworks/Foundation.framework; sourceTree = SDKROOT; };
		F5C422471560BF2300F7E3EE /* CoreGraphics.framework */ = {isa = PBXFileReference; lastKnownFileType = wrapper.framework; name = CoreGraphics.framework; path = System/Library/Frameworks/CoreGraphics.framework; sourceTree = SDKROOT; };
		F5C4224B1560BF2300F7E3EE /* DZPopupControllerDemo-Info.plist */ = {isa = PBXFileReference; lastKnownFileType = text.plist.xml; name = "DZPopupControllerDemo-Info.plist"; path = "DZPopupControllerDemo/DZPopupControllerDemo-Info.plist"; sourceTree = "<group>"; };
		F5C422511560BF2300F7E3EE /* DZPopupControllerDemo-Prefix.pch */ = {isa = PBXFileReference; lastKnownFileType = sourcecode.c.h; name = "DZPopupControllerDemo-Prefix.pch"; path = "DZPopupControllerDemo/DZPopupControllerDemo-Prefix.pch"; sourceTree = "<group>"; };
		F5ED3E9F15620A810058C7F1 /* DZAppDelegate.h */ = {isa = PBXFileReference; fileEncoding = 4; lastKnownFileType = sourcecode.c.h; path = DZAppDelegate.h; sourceTree = "<group>"; };
		F5ED3EA015620A810058C7F1 /* DZAppDelegate.m */ = {isa = PBXFileReference; fileEncoding = 4; lastKnownFileType = sourcecode.c.objc; path = DZAppDelegate.m; sourceTree = "<group>"; };
		F5ED3EA115620A810058C7F1 /* main.m */ = {isa = PBXFileReference; fileEncoding = 4; lastKnownFileType = sourcecode.c.objc; name = main.m; path = DZPopupControllerDemo/main.m; sourceTree = "<group>"; };
/* End PBXFileReference section */

/* Begin PBXFrameworksBuildPhase section */
		F5C4223C1560BF2300F7E3EE /* Frameworks */ = {
			isa = PBXFrameworksBuildPhase;
			buildActionMask = 2147483647;
			files = (
				6C6BB346157A99E00001113B /* QuartzCore.framework in Frameworks */,
				F5C422441560BF2300F7E3EE /* UIKit.framework in Frameworks */,
				F5C422461560BF2300F7E3EE /* Foundation.framework in Frameworks */,
				F5C422481560BF2300F7E3EE /* CoreGraphics.framework in Frameworks */,
			);
			runOnlyForDeploymentPostprocessing = 0;
		};
/* End PBXFrameworksBuildPhase section */

/* Begin PBXGroup section */
		6C91AA6B157FDB75008618FA /* DZPopupController */ = {
			isa = PBXGroup;
			children = (
				6C91AA68157FDB71008618FA /* DZPopupController.h */,
				6C91AA69157FDB71008618FA /* DZPopupController.m */,
				6C3E7B5F15FD384C0014F5C7 /* DZSemiModalPopupController.h */,
				6C3E7B6015FD384C0014F5C7 /* DZSemiModalPopupController.m */,
				6C3E7B6D15FD4E9F0014F5C7 /* DZPopupControllerCloseButton.h */,
				6C3E7B6E15FD4E9F0014F5C7 /* DZPopupControllerCloseButton.m */,
				6C3E7B6715FD48E80014F5C7 /* DZPopupControllerFrameView.h */,
				6C3E7B6815FD48E80014F5C7 /* DZPopupControllerFrameView.m */,
				6C3E7B6A15FD4E5D0014F5C7 /* DZPopupControllerInsetView.h */,
				6C3E7B6B15FD4E5D0014F5C7 /* DZPopupControllerInsetView.m */,
				DB69112017417D090001903F /* CALayer+DZPopupController.h */,
				DB69112117417D090001903F /* CALayer+DZPopupController.m */,
			);
			path = DZPopupController;
			sourceTree = "<group>";
		};
		F5C422341560BF2300F7E3EE = {
			isa = PBXGroup;
			children = (
				6C91AA6B157FDB75008618FA /* DZPopupController */,
				F5ED3E9E15620A810058C7F1 /* DZPopupControllerDemo */,
				F5C422421560BF2300F7E3EE /* Frameworks */,
				F5C422401560BF2300F7E3EE /* Products */,
			);
			sourceTree = "<group>";
		};
		F5C422401560BF2300F7E3EE /* Products */ = {
			isa = PBXGroup;
			children = (
				F5C4223F1560BF2300F7E3EE /* DZPopupControllerDemo.app */,
			);
			name = Products;
			sourceTree = "<group>";
		};
		F5C422421560BF2300F7E3EE /* Frameworks */ = {
			isa = PBXGroup;
			children = (
				6C6BB345157A99E00001113B /* QuartzCore.framework */,
				F5C422431560BF2300F7E3EE /* UIKit.framework */,
				F5C422451560BF2300F7E3EE /* Foundation.framework */,
				F5C422471560BF2300F7E3EE /* CoreGraphics.framework */,
			);
			name = Frameworks;
			sourceTree = "<group>";
		};
		F5C4224A1560BF2300F7E3EE /* Supporting Files */ = {
			isa = PBXGroup;
			children = (
				6CC5C6B91642AC9E004CC3F5 /* Default-568h@2x.png */,
				F5ED3EA115620A810058C7F1 /* main.m */,
				F5C4224B1560BF2300F7E3EE /* DZPopupControllerDemo-Info.plist */,
				F5C422511560BF2300F7E3EE /* DZPopupControllerDemo-Prefix.pch */,
			);
			name = "Supporting Files";
			path = ..;
			sourceTree = "<group>";
		};
		F5ED3E9E15620A810058C7F1 /* DZPopupControllerDemo */ = {
			isa = PBXGroup;
			children = (
				F5ED3E9F15620A810058C7F1 /* DZAppDelegate.h */,
				F5ED3EA015620A810058C7F1 /* DZAppDelegate.m */,
				6C6BB32A15788BAA0001113B /* DZDemoViewController.h */,
				6C6BB32B15788BAA0001113B /* DZDemoViewController.m */,
				6C6BB32C15788BAA0001113B /* DZDemoViewController.xib */,
				F54E32AE156271030057A34F /* DZDemoTableViewController.h */,
				F54E32AF156271030057A34F /* DZDemoTableViewController.m */,
				F54E32B1156273780057A34F /* DZDemoDetailViewController.h */,
				F54E32B2156273780057A34F /* DZDemoDetailViewController.m */,
				F5C4224A1560BF2300F7E3EE /* Supporting Files */,
			);
			path = DZPopupControllerDemo;
			sourceTree = "<group>";
		};
/* End PBXGroup section */

/* Begin PBXNativeTarget section */
		F5C4223E1560BF2300F7E3EE /* DZPopupControllerDemo */ = {
			isa = PBXNativeTarget;
			buildConfigurationList = F5C4226C1560BF2400F7E3EE /* Build configuration list for PBXNativeTarget "DZPopupControllerDemo" */;
			buildPhases = (
				F5C4223B1560BF2300F7E3EE /* Sources */,
				F5C4223C1560BF2300F7E3EE /* Frameworks */,
				F5C4223D1560BF2300F7E3EE /* Resources */,
			);
			buildRules = (
			);
			dependencies = (
			);
			name = DZPopupControllerDemo;
			productName = CQMFloatingController;
			productReference = F5C4223F1560BF2300F7E3EE /* DZPopupControllerDemo.app */;
			productType = "com.apple.product-type.application";
		};
/* End PBXNativeTarget section */

/* Begin PBXProject section */
		F5C422361560BF2300F7E3EE /* Project object */ = {
			isa = PBXProject;
			attributes = {
				CLASSPREFIX = DZT;
				LastUpgradeCheck = 0430;
				ORGANIZATIONNAME = "Dizzy Technology";
			};
			buildConfigurationList = F5C422391560BF2300F7E3EE /* Build configuration list for PBXProject "DZPopupControllerDemo" */;
			compatibilityVersion = "Xcode 3.2";
			developmentRegion = English;
			hasScannedForEncodings = 0;
			knownRegions = (
				en,
			);
			mainGroup = F5C422341560BF2300F7E3EE;
			productRefGroup = F5C422401560BF2300F7E3EE /* Products */;
			projectDirPath = "";
			projectRoot = "";
			targets = (
				F5C4223E1560BF2300F7E3EE /* DZPopupControllerDemo */,
			);
		};
/* End PBXProject section */

/* Begin PBXResourcesBuildPhase section */
		F5C4223D1560BF2300F7E3EE /* Resources */ = {
			isa = PBXResourcesBuildPhase;
			buildActionMask = 2147483647;
			files = (
				6C6BB32E15788BAB0001113B /* DZDemoViewController.xib in Resources */,
				6CC5C6BA1642AC9E004CC3F5 /* Default-568h@2x.png in Resources */,
			);
			runOnlyForDeploymentPostprocessing = 0;
		};
/* End PBXResourcesBuildPhase section */

/* Begin PBXSourcesBuildPhase section */
		F5C4223B1560BF2300F7E3EE /* Sources */ = {
			isa = PBXSourcesBuildPhase;
			buildActionMask = 2147483647;
			files = (
				F5ED3EA315620A810058C7F1 /* DZAppDelegate.m in Sources */,
				F5ED3EA415620A810058C7F1 /* main.m in Sources */,
				F54E32B0156271030057A34F /* DZDemoTableViewController.m in Sources */,
				F54E32B3156273780057A34F /* DZDemoDetailViewController.m in Sources */,
				6C6BB32D15788BAB0001113B /* DZDemoViewController.m in Sources */,
				6C91AA6A157FDB71008618FA /* DZPopupController.m in Sources */,
				6C3E7B6115FD384C0014F5C7 /* DZSemiModalPopupController.m in Sources */,
				6C3E7B6915FD48E80014F5C7 /* DZPopupControllerFrameView.m in Sources */,
				6C3E7B6C15FD4E5D0014F5C7 /* DZPopupControllerInsetView.m in Sources */,
				6C3E7B6F15FD4E9F0014F5C7 /* DZPopupControllerCloseButton.m in Sources */,
				DB69112217417D090001903F /* CALayer+DZPopupController.m in Sources */,
			);
			runOnlyForDeploymentPostprocessing = 0;
		};
/* End PBXSourcesBuildPhase section */

/* Begin XCBuildConfiguration section */
		F5C4226A1560BF2400F7E3EE /* Debug */ = {
			isa = XCBuildConfiguration;
			buildSettings = {
				ALWAYS_SEARCH_USER_PATHS = NO;
				ARCHS = "$(ARCHS_STANDARD_32_BIT)";
				"CODE_SIGN_IDENTITY[sdk=iphoneos*]" = "iPhone Developer";
				COPY_PHASE_STRIP = NO;
				GCC_C_LANGUAGE_STANDARD = gnu99;
				GCC_DYNAMIC_NO_PIC = NO;
				GCC_OPTIMIZATION_LEVEL = 0;
				GCC_PREPROCESSOR_DEFINITIONS = (
					"DEBUG=1",
					"$(inherited)",
				);
				GCC_SYMBOLS_PRIVATE_EXTERN = NO;
				GCC_VERSION = com.apple.compilers.llvm.clang.1_0;
				GCC_WARN_ABOUT_RETURN_TYPE = YES;
				GCC_WARN_UNINITIALIZED_AUTOS = YES;
				GCC_WARN_UNUSED_VARIABLE = YES;
				IPHONEOS_DEPLOYMENT_TARGET = 5.1;
				SDKROOT = iphoneos;
			};
			name = Debug;
		};
		F5C4226B1560BF2400F7E3EE /* Release */ = {
			isa = XCBuildConfiguration;
			buildSettings = {
				ALWAYS_SEARCH_USER_PATHS = NO;
				ARCHS = "$(ARCHS_STANDARD_32_BIT)";
				"CODE_SIGN_IDENTITY[sdk=iphoneos*]" = "iPhone Developer";
				COPY_PHASE_STRIP = YES;
				GCC_C_LANGUAGE_STANDARD = gnu99;
				GCC_VERSION = com.apple.compilers.llvm.clang.1_0;
				GCC_WARN_ABOUT_RETURN_TYPE = YES;
				GCC_WARN_UNINITIALIZED_AUTOS = YES;
				GCC_WARN_UNUSED_VARIABLE = YES;
				IPHONEOS_DEPLOYMENT_TARGET = 5.1;
				OTHER_CFLAGS = "-DNS_BLOCK_ASSERTIONS=1";
				SDKROOT = iphoneos;
				VALIDATE_PRODUCT = YES;
			};
			name = Release;
		};
		F5C4226D1560BF2400F7E3EE /* Debug */ = {
			isa = XCBuildConfiguration;
			buildSettings = {
				CLANG_ENABLE_OBJC_ARC = YES;
				GCC_PRECOMPILE_PREFIX_HEADER = YES;
				GCC_PREFIX_HEADER = "DZPopupControllerDemo/DZPopupControllerDemo-Prefix.pch";
				INFOPLIST_FILE = "$(SRCROOT)/DZPopupControllerDemo/DZPopupControllerDemo-Info.plist";
				PRODUCT_NAME = DZPopupControllerDemo;
				SDKROOT = iphoneos;
				WRAPPER_EXTENSION = app;
			};
			name = Debug;
		};
		F5C4226E1560BF2400F7E3EE /* Release */ = {
			isa = XCBuildConfiguration;
			buildSettings = {
				CLANG_ENABLE_OBJC_ARC = YES;
				GCC_PRECOMPILE_PREFIX_HEADER = YES;
				GCC_PREFIX_HEADER = "DZPopupControllerDemo/DZPopupControllerDemo-Prefix.pch";
				INFOPLIST_FILE = "$(SRCROOT)/DZPopupControllerDemo/DZPopupControllerDemo-Info.plist";
				PRODUCT_NAME = DZPopupControllerDemo;
				SDKROOT = iphoneos;
				WRAPPER_EXTENSION = app;
			};
			name = Release;
		};
/* End XCBuildConfiguration section */

/* Begin XCConfigurationList section */
		F5C422391560BF2300F7E3EE /* Build configuration list for PBXProject "DZPopupControllerDemo" */ = {
			isa = XCConfigurationList;
			buildConfigurations = (
				F5C4226A1560BF2400F7E3EE /* Debug */,
				F5C4226B1560BF2400F7E3EE /* Release */,
			);
			defaultConfigurationIsVisible = 0;
			defaultConfigurationName = Release;
		};
		F5C4226C1560BF2400F7E3EE /* Build configuration list for PBXNativeTarget "DZPopupControllerDemo" */ = {
			isa = XCConfigurationList;
			buildConfigurations = (
				F5C4226D1560BF2400F7E3EE /* Debug */,
				F5C4226E1560BF2400F7E3EE /* Release */,
			);
			defaultConfigurationIsVisible = 0;
			defaultConfigurationName = Release;
		};
/* End XCConfigurationList section */
	};
	rootObject = F5C422361560BF2300F7E3EE /* Project object */;
}
